
Microsoft Visual Studio Solution File, Format Version 12.00
Project("{FAE04EC0-301F-11D3-BF4B-00C04F79EFBC}") = "Entities", "Entities\Entities.csproj", "{703BA074-3473-4B8B-89F6-DA4E2E5D5DFA}"
EndProject
Project("{FAE04EC0-301F-11D3-BF4B-00C04F79EFBC}") = "UseCases", "UseCases\UseCases.csproj", "{B584C15C-E633-4514-8C24-44F257085B9C}"
EndProject
Project("{FAE04EC0-301F-11D3-BF4B-00C04F79EFBC}") = "Infrastructure", "Infrastructure\Infrastructure.csproj", "{EA9C9380-FC9E-4B70-A469-21EC6F117C42}"
EndProject
Project("{FAE04EC0-301F-11D3-BF4B-00C04F79EFBC}") = "ToDoList", "ToDoList\ToDoList.csproj", "{043C6CE7-A23F-4A52-839A-BB3F96DA12B5}"
EndProject
Project("{FAE04EC0-301F-11D3-BF4B-00C04F79EFBC}") = "UnitTest", "UnitTest\UnitTest.csproj", "{18844F8E-45B9-4DCE-BDEC-ACDE9A4993B5}"
EndProject
Global
	GlobalSection(SolutionConfigurationPlatforms) = preSolution
		Debug|Any CPU = Debug|Any CPU
		Release|Any CPU = Release|Any CPU
	EndGlobalSection
	GlobalSection(ProjectConfigurationPlatforms) = postSolution
		{703BA074-3473-4B8B-89F6-DA4E2E5D5DFA}.Debug|Any CPU.ActiveCfg = Debug|Any CPU
		{703BA074-3473-4B8B-89F6-DA4E2E5D5DFA}.Debug|Any CPU.Build.0 = Debug|Any CPU
		{703BA074-3473-4B8B-89F6-DA4E2E5D5DFA}.Release|Any CPU.ActiveCfg = Release|Any CPU
		{703BA074-3473-4B8B-89F6-DA4E2E5D5DFA}.Release|Any CPU.Build.0 = Release|Any CPU
		{B584C15C-E633-4514-8C24-44F257085B9C}.Debug|Any CPU.ActiveCfg = Debug|Any CPU
		{B584C15C-E633-4514-8C24-44F257085B9C}.Debug|Any CPU.Build.0 = Debug|Any CPU
		{B584C15C-E633-4514-8C24-44F257085B9C}.Release|Any CPU.ActiveCfg = Release|Any CPU
		{B584C15C-E633-4514-8C24-44F257085B9C}.Release|Any CPU.Build.0 = Release|Any CPU
		{EA9C9380-FC9E-4B70-A469-21EC6F117C42}.Debug|Any CPU.ActiveCfg = Debug|Any CPU
		{EA9C9380-FC9E-4B70-A469-21EC6F117C42}.Debug|Any CPU.Build.0 = Debug|Any CPU
		{EA9C9380-FC9E-4B70-A469-21EC6F117C42}.Release|Any CPU.ActiveCfg = Release|Any CPU
		{EA9C9380-FC9E-4B70-A469-21EC6F117C42}.Release|Any CPU.Build.0 = Release|Any CPU
		{043C6CE7-A23F-4A52-839A-BB3F96DA12B5}.Debug|Any CPU.ActiveCfg = Debug|Any CPU
		{043C6CE7-A23F-4A52-839A-BB3F96DA12B5}.Debug|Any CPU.Build.0 = Debug|Any CPU
		{043C6CE7-A23F-4A52-839A-BB3F96DA12B5}.Release|Any CPU.ActiveCfg = Release|Any CPU
		{043C6CE7-A23F-4A52-839A-BB3F96DA12B5}.Release|Any CPU.Build.0 = Release|Any CPU
		{18844F8E-45B9-4DCE-BDEC-ACDE9A4993B5}.Debug|Any CPU.ActiveCfg = Debug|Any CPU
		{18844F8E-45B9-4DCE-BDEC-ACDE9A4993B5}.Debug|Any CPU.Build.0 = Debug|Any CPU
		{18844F8E-45B9-4DCE-BDEC-ACDE9A4993B5}.Release|Any CPU.ActiveCfg = Release|Any CPU
		{18844F8E-45B9-4DCE-BDEC-ACDE9A4993B5}.Release|Any CPU.Build.0 = Release|Any CPU
	EndGlobalSection
EndGlobal
